
Microsoft Visual Studio Solution File, Format Version 12.00
# Visual Studio Version 16
VisualStudioVersion = 16.0.30114.105
MinimumVisualStudioVersion = 10.0.40219.1
Project("{FAE04EC0-301F-11D3-BF4B-00C04F79EFBC}") = "graphqlServer", "graphqlServer\graphqlServer.csproj", "{2A8409A4-CD2A-470A-BAC1-708B528166A1}"
EndProject
Project("{FAE04EC0-301F-11D3-BF4B-00C04F79EFBC}") = "graphqlGateway", "graphqlGateway\graphqlGateway.csproj", "{477758FB-726E-4732-B619-7536CA7EC88E}"
EndProject
Project("{FAE04EC0-301F-11D3-BF4B-00C04F79EFBC}") = "graphqlWarehouse", "graphqlWarehouse\graphqlWarehouse.csproj", "{740FD8AF-6A52-488F-8405-B724337E2843}"
EndProject
Project("{FAE04EC0-301F-11D3-BF4B-00C04F79EFBC}") = "graphqlTests", "graphqlTests\graphqlTests.csproj", "{022F57CB-358D-4E91-90A9-A3A55C4BFFE8}"
EndProject
Project("{FAE04EC0-301F-11D3-BF4B-00C04F79EFBC}") = "graphqlIntegration", "graphqlIntegration\graphqlIntegration.csproj", "{DC6B658F-6570-4FD2-B801-E7147F171D26}"
EndProject
Global
	GlobalSection(SolutionConfigurationPlatforms) = preSolution
		Debug|Any CPU = Debug|Any CPU
		Release|Any CPU = Release|Any CPU
	EndGlobalSection
	GlobalSection(SolutionProperties) = preSolution
		HideSolutionNode = FALSE
	EndGlobalSection
	GlobalSection(ProjectConfigurationPlatforms) = postSolution
		{2A8409A4-CD2A-470A-BAC1-708B528166A1}.Debug|Any CPU.ActiveCfg = Debug|Any CPU
		{2A8409A4-CD2A-470A-BAC1-708B528166A1}.Debug|Any CPU.Build.0 = Debug|Any CPU
		{2A8409A4-CD2A-470A-BAC1-708B528166A1}.Release|Any CPU.ActiveCfg = Release|Any CPU
		{2A8409A4-CD2A-470A-BAC1-708B528166A1}.Release|Any CPU.Build.0 = Release|Any CPU
		{477758FB-726E-4732-B619-7536CA7EC88E}.Debug|Any CPU.ActiveCfg = Debug|Any CPU
		{477758FB-726E-4732-B619-7536CA7EC88E}.Debug|Any CPU.Build.0 = Debug|Any CPU
		{477758FB-726E-4732-B619-7536CA7EC88E}.Release|Any CPU.ActiveCfg = Release|Any CPU
		{477758FB-726E-4732-B619-7536CA7EC88E}.Release|Any CPU.Build.0 = Release|Any CPU
		{740FD8AF-6A52-488F-8405-B724337E2843}.Debug|Any CPU.ActiveCfg = Debug|Any CPU
		{740FD8AF-6A52-488F-8405-B724337E2843}.Debug|Any CPU.Build.0 = Debug|Any CPU
		{740FD8AF-6A52-488F-8405-B724337E2843}.Release|Any CPU.ActiveCfg = Release|Any CPU
		{740FD8AF-6A52-488F-8405-B724337E2843}.Release|Any CPU.Build.0 = Release|Any CPU
		{022F57CB-358D-4E91-90A9-A3A55C4BFFE8}.Debug|Any CPU.ActiveCfg = Debug|Any CPU
		{022F57CB-358D-4E91-90A9-A3A55C4BFFE8}.Debug|Any CPU.Build.0 = Debug|Any CPU
		{022F57CB-358D-4E91-90A9-A3A55C4BFFE8}.Release|Any CPU.ActiveCfg = Release|Any CPU
		{022F57CB-358D-4E91-90A9-A3A55C4BFFE8}.Release|Any CPU.Build.0 = Release|Any CPU
		{DC6B658F-6570-4FD2-B801-E7147F171D26}.Debug|Any CPU.ActiveCfg = Debug|Any CPU
		{DC6B658F-6570-4FD2-B801-E7147F171D26}.Debug|Any CPU.Build.0 = Debug|Any CPU
		{DC6B658F-6570-4FD2-B801-E7147F171D26}.Release|Any CPU.ActiveCfg = Release|Any CPU
		{DC6B658F-6570-4FD2-B801-E7147F171D26}.Release|Any CPU.Build.0 = Release|Any CPU
	EndGlobalSection
EndGlobal
